
Microsoft Visual Studio Solution File, Format Version 12.00
# Visual Studio 15
VisualStudioVersion = 15.0.27130.2010
MinimumVisualStudioVersion = 10.0.40219.1
Project("{FAE04EC0-301F-11D3-BF4B-00C04F79EFBC}") = "PC01", "PS01\PC01\PC01.csproj", "{73ADF81C-42C7-440A-B2CD-1D4BF448D646}"
EndProject
Project("{FAE04EC0-301F-11D3-BF4B-00C04F79EFBC}") = "PI01", "PI01\PI01.csproj", "{F358F863-857A-45AC-B0E1-D683B492B11C}"
EndProject
Global
	GlobalSection(SolutionConfigurationPlatforms) = preSolution
		Debug|Any CPU = Debug|Any CPU
		Release|Any CPU = Release|Any CPU
	EndGlobalSection
	GlobalSection(ProjectConfigurationPlatforms) = postSolution
		{73ADF81C-42C7-440A-B2CD-1D4BF448D646}.Debug|Any CPU.ActiveCfg = Debug|Any CPU
		{73ADF81C-42C7-440A-B2CD-1D4BF448D646}.Debug|Any CPU.Build.0 = Debug|Any CPU
		{73ADF81C-42C7-440A-B2CD-1D4BF448D646}.Release|Any CPU.ActiveCfg = Release|Any CPU
		{73ADF81C-42C7-440A-B2CD-1D4BF448D646}.Release|Any CPU.Build.0 = Release|Any CPU
		{F358F863-857A-45AC-B0E1-D683B492B11C}.Debug|Any CPU.ActiveCfg = Debug|Any CPU
		{F358F863-857A-45AC-B0E1-D683B492B11C}.Debug|Any CPU.Build.0 = Debug|Any CPU
		{F358F863-857A-45AC-B0E1-D683B492B11C}.Release|Any CPU.ActiveCfg = Release|Any CPU
		{F358F863-857A-45AC-B0E1-D683B492B11C}.Release|Any CPU.Build.0 = Release|Any CPU
	EndGlobalSection
	GlobalSection(SolutionProperties) = preSolution
		HideSolutionNode = FALSE
	EndGlobalSection
	GlobalSection(ExtensibilityGlobals) = postSolution
		SolutionGuid = {DFBBCC21-45D6-435C-A130-7AAF577A5F54}
	EndGlobalSection
EndGlobal
